{
  "name": "flake-guard",
  "version": "1.0.1",
  "lockfileVersion": 3,
  "requires": true,
  "packages": {
    "": {
      "name": "flake-guard",
      "version": "1.0.1",
      "license": "ISC",
      "bin": {
        "flake-guard": "dist/index.js"
      },
      "devDependencies": {
        "@types/node": "^20.12.13",
        "typescript": "^5.4.5"
      }
    },
    "node_modules/@types/node": {
      "version": "20.12.13",
      "resolved": "https://registry.npmjs.org/@types/node/-/node-20.12.13.tgz",
      "integrity": "sha512-gBGeanV41c1L171rR7wjbMiEpEI/l5XFQdLLfhr/REwpgDy/4U8y89+i8kRiLzDyZdOkXh+cRaTetUnCYutoXA==",
      "dev": true,
      "dependencies": {
        "undici-types": "~5.26.4"
      }
    },
    "node_modules/typescript": {
      "version": "5.4.5",
      "resolved": "https://registry.npmjs.org/typescript/-/typescript-5.4.5.tgz",
      "integrity": "sha512-vcI4UpRgg81oIRUFwR0WSIHKt11nJ7SAVlYNIu+QpqeyXP+gpQJy/Z4+F0aGxSE4MqwjyXvW/TzgkLAx2AGHwQ==",
      "dev": true,
      "bin": {
        "tsc": "bin/tsc",
        "tsserver": "bin/tsserver"
      },
      "engines": {
        "node": ">=14.17"
      }
    },
    "node_modules/undici-types": {
      "version": "5.26.5",
      "resolved": "https://registry.npmjs.org/undici-types/-/undici-types-5.26.5.tgz",
      "integrity": "sha512-JlCMO+ehdEIKqlFxk6IfVoAUVmgz7cU7zD/h9XZ0qzeosSHmUJVOzSQvvYSYWXkFXC+IfLKSIffhv0sVZup6pA==",
      "dev": true
    }
  }
}
